// !$*UTF8*$!
{
	archiveVersion = 1;
	classes = {
	};
	objectVersion = 50;
	objects = {

/* Begin PBXBuildFile section */
		58DC7B1821F5F52D00D719EC /* AppDelegate.swift in Sources */ = {isa = PBXBuildFile; fileRef = 58DC7B1721F5F52D00D719EC /* AppDelegate.swift */; };
		58DC7B1A21F5F52D00D719EC /* ViewController.swift in Sources */ = {isa = PBXBuildFile; fileRef = 58DC7B1921F5F52D00D719EC /* ViewController.swift */; };
		58DC7B1D21F5F52D00D719EC /* Main.storyboard in Resources */ = {isa = PBXBuildFile; fileRef = 58DC7B1B21F5F52D00D719EC /* Main.storyboard */; };
		58DC7B1F21F5F53000D719EC /* Assets.xcassets in Resources */ = {isa = PBXBuildFile; fileRef = 58DC7B1E21F5F53000D719EC /* Assets.xcassets */; };
		58DC7B2221F5F53000D719EC /* LaunchScreen.storyboard in Resources */ = {isa = PBXBuildFile; fileRef = 58DC7B2021F5F53000D719EC /* LaunchScreen.storyboard */; };
		58DC7B2D21F5F53000D719EC /* SpiralLoaderViewTests.swift in Sources */ = {isa = PBXBuildFile; fileRef = 58DC7B2C21F5F53000D719EC /* SpiralLoaderViewTests.swift */; };
/* End PBXBuildFile section */

/* Begin PBXContainerItemProxy section */
		58DC7B2921F5F53000D719EC /* PBXContainerItemProxy */ = {
			isa = PBXContainerItemProxy;
			containerPortal = 58DC7B0C21F5F52D00D719EC /* Project object */;
			proxyType = 1;
			remoteGlobalIDString = 58DC7B1321F5F52D00D719EC;
			remoteInfo = SpiralLoaderView;
		};
/* End PBXContainerItemProxy section */

/* Begin PBXFileReference section */
		58DC7B1421F5F52D00D719EC /* SpiralLoaderView.app */ = {isa = PBXFileReference; explicitFileType = wrapper.application; includeInIndex = 0; path = SpiralLoaderView.app; sourceTree = BUILT_PRODUCTS_DIR; };
		58DC7B1721F5F52D00D719EC /* AppDelegate.swift */ = {isa = PBXFileReference; lastKnownFileType = sourcecode.swift; path = AppDelegate.swift; sourceTree = "<group>"; };
		58DC7B1921F5F52D00D719EC /* ViewController.swift */ = {isa = PBXFileReference; lastKnownFileType = sourcecode.swift; path = ViewController.swift; sourceTree = "<group>"; };
		58DC7B1C21F5F52D00D719EC /* Base */ = {isa = PBXFileReference; lastKnownFileType = file.storyboard; name = Base; path = Base.lproj/Main.storyboard; sourceTree = "<group>"; };
		58DC7B1E21F5F53000D719EC /* Assets.xcassets */ = {isa = PBXFileReference; lastKnownFileType = folder.assetcatalog; path = Assets.xcassets; sourceTree = "<group>"; };
		58DC7B2121F5F53000D719EC /* Base */ = {isa = PBXFileReference; lastKnownFileType = file.storyboard; name = Base; path = Base.lproj/LaunchScreen.storyboard; sourceTree = "<group>"; };
		58DC7B2321F5F53000D719EC /* Info.plist */ = {isa = PBXFileReference; lastKnownFileType = text.plist.xml; path = Info.plist; sourceTree = "<group>"; };
		58DC7B2821F5F53000D719EC /* SpiralLoaderViewTests.xctest */ = {isa = PBXFileReference; explicitFileType = wrapper.cfbundle; includeInIndex = 0; path = SpiralLoaderViewTests.xctest; sourceTree = BUILT_PRODUCTS_DIR; };
		58DC7B2C21F5F53000D719EC /* SpiralLoaderViewTests.swift */ = {isa = PBXFileReference; lastKnownFileType = sourcecode.swift; path = SpiralLoaderViewTests.swift; sourceTree = "<group>"; };
		58DC7B2E21F5F53000D719EC /* Info.plist */ = {isa = PBXFileReference; lastKnownFileType = text.plist.xml; path = Info.plist; sourceTree = "<group>"; };
/* End PBXFileReference section */

/* Begin PBXFrameworksBuildPhase section */
		58DC7B1121F5F52D00D719EC /* Frameworks */ = {
			isa = PBXFrameworksBuildPhase;
			buildActionMask = 2147483647;
			files = (
			);
			runOnlyForDeploymentPostprocessing = 0;
		};
		58DC7B2521F5F53000D719EC /* Frameworks */ = {
			isa = PBXFrameworksBuildPhase;
			buildActionMask = 2147483647;
			files = (
			);
			runOnlyForDeploymentPostprocessing = 0;
		};
/* End PBXFrameworksBuildPhase section */

/* Begin PBXGroup section */
		58DC7B0B21F5F52D00D719EC = {
			isa = PBXGroup;
			children = (
				58DC7B1621F5F52D00D719EC /* SpiralLoaderView */,
				58DC7B2B21F5F53000D719EC /* SpiralLoaderViewTests */,
				58DC7B1521F5F52D00D719EC /* Products */,
			);
			sourceTree = "<group>";
		};
		58DC7B1521F5F52D00D719EC /* Products */ = {
			isa = PBXGroup;
			children = (
				58DC7B1421F5F52D00D719EC /* SpiralLoaderView.app */,
				58DC7B2821F5F53000D719EC /* SpiralLoaderViewTests.xctest */,
			);
			name = Products;
			sourceTree = "<group>";
		};
		58DC7B1621F5F52D00D719EC /* SpiralLoaderView */ = {
			isa = PBXGroup;
			children = (
				58DC7B1721F5F52D00D719EC /* AppDelegate.swift */,
				58DC7B1921F5F52D00D719EC /* ViewController.swift */,
				58DC7B1B21F5F52D00D719EC /* Main.storyboard */,
				58DC7B1E21F5F53000D719EC /* Assets.xcassets */,
				58DC7B2021F5F53000D719EC /* LaunchScreen.storyboard */,
				58DC7B2321F5F53000D719EC /* Info.plist */,
			);
			path = SpiralLoaderView;
			sourceTree = "<group>";
		};
		58DC7B2B21F5F53000D719EC /* SpiralLoaderViewTests */ = {
			isa = PBXGroup;
			children = (
				58DC7B2C21F5F53000D719EC /* SpiralLoaderViewTests.swift */,
				58DC7B2E21F5F53000D719EC /* Info.plist */,
			);
			path = SpiralLoaderViewTests;
			sourceTree = "<group>";
		};
/* End PBXGroup section */

/* Begin PBXNativeTarget section */
		58DC7B1321F5F52D00D719EC /* SpiralLoaderView */ = {
			isa = PBXNativeTarget;
			buildConfigurationList = 58DC7B3121F5F53000D719EC /* Build configuration list for PBXNativeTarget "SpiralLoaderView" */;
			buildPhases = (
				58DC7B1021F5F52D00D719EC /* Sources */,
				58DC7B1121F5F52D00D719EC /* Frameworks */,
				58DC7B1221F5F52D00D719EC /* Resources */,
			);
			buildRules = (
			);
			dependencies = (
			);
			name = SpiralLoaderView;
			productName = SpiralLoaderView;
			productReference = 58DC7B1421F5F52D00D719EC /* SpiralLoaderView.app */;
			productType = "com.apple.product-type.application";
		};
		58DC7B2721F5F53000D719EC /* SpiralLoaderViewTests */ = {
			isa = PBXNativeTarget;
			buildConfigurationList = 58DC7B3421F5F53000D719EC /* Build configuration list for PBXNativeTarget "SpiralLoaderViewTests" */;
			buildPhases = (
				58DC7B2421F5F53000D719EC /* Sources */,
				58DC7B2521F5F53000D719EC /* Frameworks */,
				58DC7B2621F5F53000D719EC /* Resources */,
			);
			buildRules = (
			);
			dependencies = (
				58DC7B2A21F5F53000D719EC /* PBXTargetDependency */,
			);
			name = SpiralLoaderViewTests;
			productName = SpiralLoaderViewTests;
			productReference = 58DC7B2821F5F53000D719EC /* SpiralLoaderViewTests.xctest */;
			productType = "com.apple.product-type.bundle.unit-test";
		};
/* End PBXNativeTarget section */

/* Begin PBXProject section */
		58DC7B0C21F5F52D00D719EC /* Project object */ = {
			isa = PBXProject;
			attributes = {
				LastSwiftUpdateCheck = 1010;
				LastUpgradeCheck = 1010;
				ORGANIZATIONNAME = Jubl;
				TargetAttributes = {
					58DC7B1321F5F52D00D719EC = {
						CreatedOnToolsVersion = 10.1;
					};
					58DC7B2721F5F53000D719EC = {
						CreatedOnToolsVersion = 10.1;
						TestTargetID = 58DC7B1321F5F52D00D719EC;
					};
				};
			};
			buildConfigurationList = 58DC7B0F21F5F52D00D719EC /* Build configuration list for PBXProject "SpiralLoaderView" */;
			compatibilityVersion = "Xcode 9.3";
			developmentRegion = en;
			hasScannedForEncodings = 0;
			knownRegions = (
				en,
				Base,
			);
			mainGroup = 58DC7B0B21F5F52D00D719EC;
			productRefGroup = 58DC7B1521F5F52D00D719EC /* Products */;
			projectDirPath = "";
			projectRoot = "";
			targets = (
				58DC7B1321F5F52D00D719EC /* SpiralLoaderView */,
				58DC7B2721F5F53000D719EC /* SpiralLoaderViewTests */,
			);
		};
/* End PBXProject section */

/* Begin PBXResourcesBuildPhase section */
		58DC7B1221F5F52D00D719EC /* Resources */ = {
			isa = PBXResourcesBuildPhase;
			buildActionMask = 2147483647;
			files = (
				58DC7B2221F5F53000D719EC /* LaunchScreen.storyboard in Resources */,
				58DC7B1F21F5F53000D719EC /* Assets.xcassets in Resources */,
				58DC7B1D21F5F52D00D719EC /* Main.storyboard in Resources */,
			);
			runOnlyForDeploymentPostprocessing = 0;
		};
		58DC7B2621F5F53000D719EC /* Resources */ = {
			isa = PBXResourcesBuildPhase;
			buildActionMask = 2147483647;
			files = (
			);
			runOnlyForDeploymentPostprocessing = 0;
		};
/* End PBXResourcesBuildPhase section */

/* Begin PBXSourcesBuildPhase section */
		58DC7B1021F5F52D00D719EC /* Sources */ = {
			isa = PBXSourcesBuildPhase;
			buildActionMask = 2147483647;
			files = (
				58DC7B1A21F5F52D00D719EC /* ViewController.swift in Sources */,
				58DC7B1821F5F52D00D719EC /* AppDelegate.swift in Sources */,
			);
			runOnlyForDeploymentPostprocessing = 0;
		};
		58DC7B2421F5F53000D719EC /* Sources */ = {
			isa = PBXSourcesBuildPhase;
			buildActionMask = 2147483647;
			files = (
				58DC7B2D21F5F53000D719EC /* SpiralLoaderViewTests.swift in Sources */,
			);
			runOnlyForDeploymentPostprocessing = 0;
		};
/* End PBXSourcesBuildPhase section */

/* Begin PBXTargetDependency section */
		58DC7B2A21F5F53000D719EC /* PBXTargetDependency */ = {
			isa = PBXTargetDependency;
			target = 58DC7B1321F5F52D00D719EC /* SpiralLoaderView */;
			targetProxy = 58DC7B2921F5F53000D719EC /* PBXContainerItemProxy */;
		};
/* End PBXTargetDependency section */

/* Begin PBXVariantGroup section */
		58DC7B1B21F5F52D00D719EC /* Main.storyboard */ = {
			isa = PBXVariantGroup;
			children = (
				58DC7B1C21F5F52D00D719EC /* Base */,
			);
			name = Main.storyboard;
			sourceTree = "<group>";
		};
		58DC7B2021F5F53000D719EC /* LaunchScreen.storyboard */ = {
			isa = PBXVariantGroup;
			children = (
				58DC7B2121F5F53000D719EC /* Base */,
			);
			name = LaunchScreen.storyboard;
			sourceTree = "<group>";
		};
/* End PBXVariantGroup section */

/* Begin XCBuildConfiguration section */
		58DC7B2F21F5F53000D719EC /* Debug */ = {
			isa = XCBuildConfiguration;
			buildSettings = {
				ALWAYS_SEARCH_USER_PATHS = NO;
				CLANG_ANALYZER_NONNULL = YES;
				CLANG_ANALYZER_NUMBER_OBJECT_CONVERSION = YES_AGGRESSIVE;
				CLANG_CXX_LANGUAGE_STANDARD = "gnu++14";
				CLANG_CXX_LIBRARY = "libc++";
				CLANG_ENABLE_MODULES = YES;
				CLANG_ENABLE_OBJC_ARC = YES;
				CLANG_ENABLE_OBJC_WEAK = YES;
				CLANG_WARN_BLOCK_CAPTURE_AUTORELEASING = YES;
				CLANG_WARN_BOOL_CONVERSION = YES;
				CLANG_WARN_COMMA = YES;
				CLANG_WARN_CONSTANT_CONVERSION = YES;
				CLANG_WARN_DEPRECATED_OBJC_IMPLEMENTATIONS = YES;
				CLANG_WARN_DIRECT_OBJC_ISA_USAGE = YES_ERROR;
				CLANG_WARN_DOCUMENTATION_COMMENTS = YES;
				CLANG_WARN_EMPTY_BODY = YES;
				CLANG_WARN_ENUM_CONVERSION = YES;
				CLANG_WARN_INFINITE_RECURSION = YES;
				CLANG_WARN_INT_CONVERSION = YES;
				CLANG_WARN_NON_LITERAL_NULL_CONVERSION = YES;
				CLANG_WARN_OBJC_IMPLICIT_RETAIN_SELF = YES;
				CLANG_WARN_OBJC_LITERAL_CONVERSION = YES;
				CLANG_WARN_OBJC_ROOT_CLASS = YES_ERROR;
				CLANG_WARN_RANGE_LOOP_ANALYSIS = YES;
				CLANG_WARN_STRICT_PROTOTYPES = YES;
				CLANG_WARN_SUSPICIOUS_MOVE = YES;
				CLANG_WARN_UNGUARDED_AVAILABILITY = YES_AGGRESSIVE;
				CLANG_WARN_UNREACHABLE_CODE = YES;
				CLANG_WARN__DUPLICATE_METHOD_MATCH = YES;
				CODE_SIGN_IDENTITY = "iPhone Developer";
				COPY_PHASE_STRIP = NO;
				DEBUG_INFORMATION_FORMAT = dwarf;
				ENABLE_STRICT_OBJC_MSGSEND = YES;
				ENABLE_TESTABILITY = YES;
				GCC_C_LANGUAGE_STANDARD = gnu11;
				GCC_DYNAMIC_NO_PIC = NO;
				GCC_NO_COMMON_BLOCKS = YES;
				GCC_OPTIMIZATION_LEVEL = 0;
				GCC_PREPROCESSOR_DEFINITIONS = (
					"DEBUG=1",
					"$(inherited)",
				);
				GCC_WARN_64_TO_32_BIT_CONVERSION = YES;
				GCC_WARN_ABOUT_RETURN_TYPE = YES_ERROR;
				GCC_WARN_UNDECLARED_SELECTOR = YES;
				GCC_WARN_UNINITIALIZED_AUTOS = YES_AGGRESSIVE;
				GCC_WARN_UNUSED_FUNCTION = YES;
				GCC_WARN_UNUSED_VARIABLE = YES;
				IPHONEOS_DEPLOYMENT_TARGET = 12.1;
				MTL_ENABLE_DEBUG_INFO = INCLUDE_SOURCE;
				MTL_FAST_MATH = YES;
				ONLY_ACTIVE_ARCH = YES;
				SDKROOT = iphoneos;
				SWIFT_ACTIVE_COMPILATION_CONDITIONS = DEBUG;
				SWIFT_OPTIMIZATION_LEVEL = "-Onone";
			};
			name = Debug;
		};
		58DC7B3021F5F53000D719EC /* Release */ = {
			isa = XCBuildConfiguration;
			buildSettings = {
				ALWAYS_SEARCH_USER_PATHS = NO;
				CLANG_ANALYZER_NONNULL = YES;
				CLANG_ANALYZER_NUMBER_OBJECT_CONVERSION = YES_AGGRESSIVE;
				CLANG_CXX_LANGUAGE_STANDARD = "gnu++14";
				CLANG_CXX_LIBRARY = "libc++";
				CLANG_ENABLE_MODULES = YES;
				CLANG_ENABLE_OBJC_ARC = YES;
				CLANG_ENABLE_OBJC_WEAK = YES;
				CLANG_WARN_BLOCK_CAPTURE_AUTORELEASING = YES;
				CLANG_WARN_BOOL_CONVERSION = YES;
				CLANG_WARN_COMMA = YES;
				CLANG_WARN_CONSTANT_CONVERSION = YES;
				CLANG_WARN_DEPRECATED_OBJC_IMPLEMENTATIONS = YES;
				CLANG_WARN_DIRECT_OBJC_ISA_USAGE = YES_ERROR;
				CLANG_WARN_DOCUMENTATION_COMMENTS = YES;
				CLANG_WARN_EMPTY_BODY = YES;
				CLANG_WARN_ENUM_CONVERSION = YES;
				CLANG_WARN_INFINITE_RECURSION = YES;
				CLANG_WARN_INT_CONVERSION = YES;
				CLANG_WARN_NON_LITERAL_NULL_CONVERSION = YES;
				CLANG_WARN_OBJC_IMPLICIT_RETAIN_SELF = YES;
				CLANG_WARN_OBJC_LITERAL_CONVERSION = YES;
				CLANG_WARN_OBJC_ROOT_CLASS = YES_ERROR;
				CLANG_WARN_RANGE_LOOP_ANALYSIS = YES;
				CLANG_WARN_STRICT_PROTOTYPES = YES;
				CLANG_WARN_SUSPICIOUS_MOVE = YES;
				CLANG_WARN_UNGUARDED_AVAILABILITY = YES_AGGRESSIVE;
				CLANG_WARN_UNREACHABLE_CODE = YES;
				CLANG_WARN__DUPLICATE_METHOD_MATCH = YES;
				CODE_SIGN_IDENTITY = "iPhone Developer";
				COPY_PHASE_STRIP = NO;
				DEBUG_INFORMATION_FORMAT = "dwarf-with-dsym";
				ENABLE_NS_ASSERTIONS = NO;
				ENABLE_STRICT_OBJC_MSGSEND = YES;
				GCC_C_LANGUAGE_STANDARD = gnu11;
				GCC_NO_COMMON_BLOCKS = YES;
				GCC_WARN_64_TO_32_BIT_CONVERSION = YES;
				GCC_WARN_ABOUT_RETURN_TYPE = YES_ERROR;
				GCC_WARN_UNDECLARED_SELECTOR = YES;
				GCC_WARN_UNINITIALIZED_AUTOS = YES_AGGRESSIVE;
				GCC_WARN_UNUSED_FUNCTION = YES;
				GCC_WARN_UNUSED_VARIABLE = YES;
				IPHONEOS_DEPLOYMENT_TARGET = 12.1;
				MTL_ENABLE_DEBUG_INFO = NO;
				MTL_FAST_MATH = YES;
				SDKROOT = iphoneos;
				SWIFT_COMPILATION_MODE = wholemodule;
				SWIFT_OPTIMIZATION_LEVEL = "-O";
				VALIDATE_PRODUCT = YES;
			};
			name = Release;
		};
		58DC7B3221F5F53000D719EC /* Debug */ = {
			isa = XCBuildConfiguration;
			buildSettings = {
				ASSETCATALOG_COMPILER_APPICON_NAME = AppIcon;
				CODE_SIGN_STYLE = Automatic;
				INFOPLIST_FILE = SpiralLoaderView/Info.plist;
				LD_RUNPATH_SEARCH_PATHS = (
					"$(inherited)",
					"@executable_path/Frameworks",
				);
				PRODUCT_BUNDLE_IDENTIFIER = com.jubilant.SpiralLoaderView;
				PRODUCT_NAME = "$(TARGET_NAME)";
				SWIFT_VERSION = 4.2;
				TARGETED_DEVICE_FAMILY = "1,2";
			};
			name = Debug;
		};
		58DC7B3321F5F53000D719EC /* Release */ = {
			isa = XCBuildConfiguration;
			buildSettings = {
				ASSETCATALOG_COMPILER_APPICON_NAME = AppIcon;
				CODE_SIGN_STYLE = Automatic;
				INFOPLIST_FILE = SpiralLoaderView/Info.plist;
				LD_RUNPATH_SEARCH_PATHS = (
					"$(inherited)",
					"@executable_path/Frameworks",
				);
				PRODUCT_BUNDLE_IDENTIFIER = com.jubilant.SpiralLoaderView;
				PRODUCT_NAME = "$(TARGET_NAME)";
				SWIFT_VERSION = 4.2;
				TARGETED_DEVICE_FAMILY = "1,2";
			};
			name = Release;
		};
		58DC7B3521F5F53000D719EC /* Debug */ = {
			isa = XCBuildConfiguration;
			buildSettings = {
				ALWAYS_EMBED_SWIFT_STANDARD_LIBRARIES = YES;
				BUNDLE_LOADER = "$(TEST_HOST)";
				CODE_SIGN_STYLE = Automatic;
				INFOPLIST_FILE = SpiralLoaderViewTests/Info.plist;
				LD_RUNPATH_SEARCH_PATHS = (
					"$(inherited)",
					"@executable_path/Frameworks",
					"@loader_path/Frameworks",
				);
				PRODUCT_BUNDLE_IDENTIFIER = com.jubilant.SpiralLoaderViewTests;
				PRODUCT_NAME = "$(TARGET_NAME)";
				SWIFT_VERSION = 4.2;
				TARGETED_DEVICE_FAMILY = "1,2";
				TEST_HOST = "$(BUILT_PRODUCTS_DIR)/SpiralLoaderView.app/SpiralLoaderView";
			};
			name = Debug;
		};
		58DC7B3621F5F53000D719EC /* Release */ = {
			isa = XCBuildConfiguration;
			buildSettings = {
				ALWAYS_EMBED_SWIFT_STANDARD_LIBRARIES = YES;
				BUNDLE_LOADER = "$(TEST_HOST)";
				CODE_SIGN_STYLE = Automatic;
				INFOPLIST_FILE = SpiralLoaderViewTests/Info.plist;
				LD_RUNPATH_SEARCH_PATHS = (
					"$(inherited)",
					"@executable_path/Frameworks",
					"@loader_path/Frameworks",
				);
				PRODUCT_BUNDLE_IDENTIFIER = com.jubilant.SpiralLoaderViewTests;
				PRODUCT_NAME = "$(TARGET_NAME)";
				SWIFT_VERSION = 4.2;
				TARGETED_DEVICE_FAMILY = "1,2";
				TEST_HOST = "$(BUILT_PRODUCTS_DIR)/SpiralLoaderView.app/SpiralLoaderView";
			};
			name = Release;
		};
/* End XCBuildConfiguration section */

/* Begin XCConfigurationList section */
		58DC7B0F21F5F52D00D719EC /* Build configuration list for PBXProject "SpiralLoaderView" */ = {
			isa = XCConfigurationList;
			buildConfigurations = (
				58DC7B2F21F5F53000D719EC /* Debug */,
				58DC7B3021F5F53000D719EC /* Release */,
			);
			defaultConfigurationIsVisible = 0;
			defaultConfigurationName = Release;
		};
		58DC7B3121F5F53000D719EC /* Build configuration list for PBXNativeTarget "SpiralLoaderView" */ = {
			isa = XCConfigurationList;
			buildConfigurations = (
				58DC7B3221F5F53000D719EC /* Debug */,
				58DC7B3321F5F53000D719EC /* Release */,
			);
			defaultConfigurationIsVisible = 0;
			defaultConfigurationName = Release;
		};
		58DC7B3421F5F53000D719EC /* Build configuration list for PBXNativeTarget "SpiralLoaderViewTests" */ = {
			isa = XCConfigurationList;
			buildConfigurations = (
				58DC7B3521F5F53000D719EC /* Debug */,
				58DC7B3621F5F53000D719EC /* Release */,
			);
			defaultConfigurationIsVisible = 0;
			defaultConfigurationName = Release;
		};
/* End XCConfigurationList section */
	};
	rootObject = 58DC7B0C21F5F52D00D719EC /* Project object */;
}
